
Microsoft Visual Studio Solution File, Format Version 12.00
# Visual Studio 15
VisualStudioVersion = 15.0.26730.10
MinimumVisualStudioVersion = 10.0.40219.1
Project("{FAE04EC0-301F-11D3-BF4B-00C04F79EFBC}") = "MonoProgram.Package", "MonoProgram.Package\MonoProgram.Package.csproj", "{E59E4A3E-6D91-4936-B842-E64B9D7BEC4F}"
EndProject
Project("{FAE04EC0-301F-11D3-BF4B-00C04F79EFBC}") = "MonoProgram.Template", "MonoProgram.Template\MonoProgram.Template.csproj", "{39E2F20B-4351-43E7-B137-80719E138050}"
EndProject
Project("{FAE04EC0-301F-11D3-BF4B-00C04F79EFBC}") = "MonoLibrary.Template", "MonoLibrary.Template\MonoLibrary.Template.csproj", "{69625DB2-D0FB-4B3E-9BA3-AA83F87AFEC9}"
EndProject
Global
	GlobalSection(SolutionConfigurationPlatforms) = preSolution
		Debug|Any CPU = Debug|Any CPU
		Release|Any CPU = Release|Any CPU
	EndGlobalSection
	GlobalSection(ProjectConfigurationPlatforms) = postSolution
		{E59E4A3E-6D91-4936-B842-E64B9D7BEC4F}.Debug|Any CPU.ActiveCfg = Debug|Any CPU
		{E59E4A3E-6D91-4936-B842-E64B9D7BEC4F}.Debug|Any CPU.Build.0 = Debug|Any CPU
		{E59E4A3E-6D91-4936-B842-E64B9D7BEC4F}.Release|Any CPU.ActiveCfg = Release|Any CPU
		{E59E4A3E-6D91-4936-B842-E64B9D7BEC4F}.Release|Any CPU.Build.0 = Release|Any CPU
		{39E2F20B-4351-43E7-B137-80719E138050}.Debug|Any CPU.ActiveCfg = Debug|Any CPU
		{39E2F20B-4351-43E7-B137-80719E138050}.Debug|Any CPU.Build.0 = Debug|Any CPU
		{39E2F20B-4351-43E7-B137-80719E138050}.Release|Any CPU.ActiveCfg = Release|Any CPU
		{39E2F20B-4351-43E7-B137-80719E138050}.Release|Any CPU.Build.0 = Release|Any CPU
		{69625DB2-D0FB-4B3E-9BA3-AA83F87AFEC9}.Debug|Any CPU.ActiveCfg = Debug|Any CPU
		{69625DB2-D0FB-4B3E-9BA3-AA83F87AFEC9}.Debug|Any CPU.Build.0 = Debug|Any CPU
		{69625DB2-D0FB-4B3E-9BA3-AA83F87AFEC9}.Release|Any CPU.ActiveCfg = Release|Any CPU
		{69625DB2-D0FB-4B3E-9BA3-AA83F87AFEC9}.Release|Any CPU.Build.0 = Release|Any CPU
	EndGlobalSection
	GlobalSection(SolutionProperties) = preSolution
		HideSolutionNode = FALSE
	EndGlobalSection
	GlobalSection(ExtensibilityGlobals) = postSolution
		SolutionGuid = {6C55620A-1B82-4308-8B16-D91810B1CA3C}
	EndGlobalSection
EndGlobal
